lockfileVersion: '9.0'

settings:
  autoInstallPeers: false
  excludeLinksFromLockfile: false

importers:
  .:
    devDependencies:
      typescript:
        specifier: 6.0.3
        version: 6.0.3

  prototypes/SharedUiProof:
    dependencies:
      '@xterm/addon-fit':
        specifier: 0.11.0
        version: 0.11.0
      '@xterm/xterm':
        specifier: 6.0.0
        version: 6.0.0

packages:
  '@xterm/addon-fit@0.11.0':
    resolution: {integrity: sha512-jYcgT6xtVYhnhgxh3QgYDnnNMYTcf8ElbxxFzX0IZo+vabQqSPAjC3c1wJrKB5E19VwQei89QCiZZP86DCPF7g==}

  '@xterm/xterm@6.0.0':
    resolution: {integrity: sha512-TQwDdQGtwwDt+2cgKDLn0IRaSxYu1tSUjgKarSDkUM0ZNiSRXFpjxEsvc/Zgc5kq5omJ+V0a8/kIM2WD3sMOYg==}

  typescript@6.0.3:
    resolution: {integrity: sha512-y2TvuxSZPDyQakkFRPZHKFm+KKVqIisdg9/CZwm9ftvKXLP8NRWj38/ODjNbr43SsoXqNuAisEf1GdCxqWcdBw==}
    engines: {node: '>=14.17'}
    hasBin: true

snapshots:
  '@xterm/addon-fit@0.11.0': {}

  '@xterm/xterm@6.0.0': {}

  typescript@6.0.3: {}
